
Microsoft Visual Studio Solution File, Format Version 12.00
Project("{FAE04EC0-301F-11D3-BF4B-00C04F79EFBC}") = "Cli.Parser.Sample", "Cli.Parser.Sample\Cli.Parser.Sample.csproj", "{5C9EA488-4193-4954-8A11-810DF20F4B9C}"
EndProject
Project("{FAE04EC0-301F-11D3-BF4B-00C04F79EFBC}") = "Cli.Parser", "Cli.Parser\Cli.Parser.csproj", "{6CB617D0-1C30-4DCB-90C5-BAEA57C78C6B}"
EndProject
Project("{FAE04EC0-301F-11D3-BF4B-00C04F79EFBC}") = "Cli.Args", "Cli.Args\Cli.Args.csproj", "{13086723-8973-4832-8041-AC7BAA460002}"
EndProject
Project("{FAE04EC0-301F-11D3-BF4B-00C04F79EFBC}") = "Cli.Parser.Test", "Cli.Parser.Test\Cli.Parser.Test.csproj", "{1D03BA04-B5A6-4D8A-891D-4E6939738669}"
EndProject
Global
	GlobalSection(SolutionConfigurationPlatforms) = preSolution
		Debug|Any CPU = Debug|Any CPU
		Release|Any CPU = Release|Any CPU
	EndGlobalSection
	GlobalSection(ProjectConfigurationPlatforms) = postSolution
		{5C9EA488-4193-4954-8A11-810DF20F4B9C}.Debug|Any CPU.ActiveCfg = Debug|Any CPU
		{5C9EA488-4193-4954-8A11-810DF20F4B9C}.Debug|Any CPU.Build.0 = Debug|Any CPU
		{5C9EA488-4193-4954-8A11-810DF20F4B9C}.Release|Any CPU.ActiveCfg = Release|Any CPU
		{5C9EA488-4193-4954-8A11-810DF20F4B9C}.Release|Any CPU.Build.0 = Release|Any CPU
		{6CB617D0-1C30-4DCB-90C5-BAEA57C78C6B}.Debug|Any CPU.ActiveCfg = Debug|Any CPU
		{6CB617D0-1C30-4DCB-90C5-BAEA57C78C6B}.Debug|Any CPU.Build.0 = Debug|Any CPU
		{6CB617D0-1C30-4DCB-90C5-BAEA57C78C6B}.Release|Any CPU.ActiveCfg = Release|Any CPU
		{6CB617D0-1C30-4DCB-90C5-BAEA57C78C6B}.Release|Any CPU.Build.0 = Release|Any CPU
		{13086723-8973-4832-8041-AC7BAA460002}.Debug|Any CPU.ActiveCfg = Debug|Any CPU
		{13086723-8973-4832-8041-AC7BAA460002}.Debug|Any CPU.Build.0 = Debug|Any CPU
		{13086723-8973-4832-8041-AC7BAA460002}.Release|Any CPU.ActiveCfg = Release|Any CPU
		{13086723-8973-4832-8041-AC7BAA460002}.Release|Any CPU.Build.0 = Release|Any CPU
		{1D03BA04-B5A6-4D8A-891D-4E6939738669}.Debug|Any CPU.ActiveCfg = Debug|Any CPU
		{1D03BA04-B5A6-4D8A-891D-4E6939738669}.Debug|Any CPU.Build.0 = Debug|Any CPU
		{1D03BA04-B5A6-4D8A-891D-4E6939738669}.Release|Any CPU.ActiveCfg = Release|Any CPU
		{1D03BA04-B5A6-4D8A-891D-4E6939738669}.Release|Any CPU.Build.0 = Release|Any CPU
	EndGlobalSection
EndGlobal
